
Microsoft Visual Studio Solution File, Format Version 12.00
# Visual Studio Version 17
VisualStudioVersion = 17.2.32616.157
MinimumVisualStudioVersion = 10.0.40219.1
Project("{FAE04EC0-301F-11D3-BF4B-00C04F79EFBC}") = "KoiosTask.Web", "KoiosTask.Web.csproj", "{F67E93D7-D780-4346-9B86-7FA7CE5CCC9B}"
EndProject
Project("{FAE04EC0-301F-11D3-BF4B-00C04F79EFBC}") = "KoiosTask.Dal", "..\KoiosTask.Dal\KoiosTask.Dal.csproj", "{ED977E12-A5F0-41C6-AAE2-171450552E0D}"
EndProject
Project("{FAE04EC0-301F-11D3-BF4B-00C04F79EFBC}") = "KoiosTask.Model", "..\KoiosTask.Model\KoiosTask.Model.csproj", "{95A49742-1EE6-49B3-A540-CFDBE3264ECC}"
EndProject
Global
	GlobalSection(SolutionConfigurationPlatforms) = preSolution
		Debug|Any CPU = Debug|Any CPU
		Release|Any CPU = Release|Any CPU
	EndGlobalSection
	GlobalSection(ProjectConfigurationPlatforms) = postSolution
		{F67E93D7-D780-4346-9B86-7FA7CE5CCC9B}.Debug|Any CPU.ActiveCfg = Debug|Any CPU
		{F67E93D7-D780-4346-9B86-7FA7CE5CCC9B}.Debug|Any CPU.Build.0 = Debug|Any CPU
		{F67E93D7-D780-4346-9B86-7FA7CE5CCC9B}.Release|Any CPU.ActiveCfg = Release|Any CPU
		{F67E93D7-D780-4346-9B86-7FA7CE5CCC9B}.Release|Any CPU.Build.0 = Release|Any CPU
		{ED977E12-A5F0-41C6-AAE2-171450552E0D}.Debug|Any CPU.ActiveCfg = Debug|Any CPU
		{ED977E12-A5F0-41C6-AAE2-171450552E0D}.Debug|Any CPU.Build.0 = Debug|Any CPU
		{ED977E12-A5F0-41C6-AAE2-171450552E0D}.Release|Any CPU.ActiveCfg = Release|Any CPU
		{ED977E12-A5F0-41C6-AAE2-171450552E0D}.Release|Any CPU.Build.0 = Release|Any CPU
		{95A49742-1EE6-49B3-A540-CFDBE3264ECC}.Debug|Any CPU.ActiveCfg = Debug|Any CPU
		{95A49742-1EE6-49B3-A540-CFDBE3264ECC}.Debug|Any CPU.Build.0 = Debug|Any CPU
		{95A49742-1EE6-49B3-A540-CFDBE3264ECC}.Release|Any CPU.ActiveCfg = Release|Any CPU
		{95A49742-1EE6-49B3-A540-CFDBE3264ECC}.Release|Any CPU.Build.0 = Release|Any CPU
	EndGlobalSection
	GlobalSection(SolutionProperties) = preSolution
		HideSolutionNode = FALSE
	EndGlobalSection
	GlobalSection(ExtensibilityGlobals) = postSolution
		SolutionGuid = {5B5C3673-2423-4655-A33F-D3B431AE17F9}
	EndGlobalSection
EndGlobal
